
Microsoft Visual Studio Solution File, Format Version 12.00
# Visual Studio Version 16
VisualStudioVersion = 16.0.29926.136
MinimumVisualStudioVersion = 10.0.40219.1
Project("{9A19103F-16F7-4668-BE54-9A1E7A4F7556}") = "LocatePlate.WebApi", "LocatePlate.WebApi\LocatePlate.WebApi.csproj", "{FA4A1057-1797-4456-9AA4-76195B58754D}"
EndProject
Project("{9A19103F-16F7-4668-BE54-9A1E7A4F7556}") = "LocatePlate.Repository", "LocatePlate.Repository.Sql\LocatePlate.Repository.csproj", "{8D88EABA-073E-43B9-8C4E-23C473CD579F}"
EndProject
Project("{9A19103F-16F7-4668-BE54-9A1E7A4F7556}") = "LocatePlate.Model", "LocatePlate.Model\LocatePlate.Model.csproj", "{038FA591-5BAB-473A-B5E6-61D4735928A8}"
EndProject
Project("{9A19103F-16F7-4668-BE54-9A1E7A4F7556}") = "LocatePlate.Infrastructure", "LocatePlate.Infrastructure\LocatePlate.Infrastructure.csproj", "{E302E44E-64AF-4A52-AAB1-249B06DA147E}"
EndProject
Project("{9A19103F-16F7-4668-BE54-9A1E7A4F7556}") = "LocatePlate.Service", "LocatePlate.Service\LocatePlate.Service.csproj", "{9F9C21C6-C836-45D0-BD1A-1AC8BCB2BBEB}"
EndProject
Project("{2150E333-8FDC-42A3-9474-1A3956D46DE8}") = "Solution Items", "Solution Items", "{E942FC06-59CD-4062-8ACD-AA5B852C6E85}"
	ProjectSection(SolutionItems) = preProject
		.editorconfig = .editorconfig
	EndProjectSection
EndProject
Global
	GlobalSection(SolutionConfigurationPlatforms) = preSolution
		Debug|Any CPU = Debug|Any CPU
		Release|Any CPU = Release|Any CPU
	EndGlobalSection
	GlobalSection(ProjectConfigurationPlatforms) = postSolution
		{FA4A1057-1797-4456-9AA4-76195B58754D}.Debug|Any CPU.ActiveCfg = Debug|Any CPU
		{FA4A1057-1797-4456-9AA4-76195B58754D}.Debug|Any CPU.Build.0 = Debug|Any CPU
		{FA4A1057-1797-4456-9AA4-76195B58754D}.Release|Any CPU.ActiveCfg = Release|Any CPU
		{FA4A1057-1797-4456-9AA4-76195B58754D}.Release|Any CPU.Build.0 = Release|Any CPU
		{8D88EABA-073E-43B9-8C4E-23C473CD579F}.Debug|Any CPU.ActiveCfg = Debug|Any CPU
		{8D88EABA-073E-43B9-8C4E-23C473CD579F}.Debug|Any CPU.Build.0 = Debug|Any CPU
		{8D88EABA-073E-43B9-8C4E-23C473CD579F}.Release|Any CPU.ActiveCfg = Release|Any CPU
		{8D88EABA-073E-43B9-8C4E-23C473CD579F}.Release|Any CPU.Build.0 = Release|Any CPU
		{038FA591-5BAB-473A-B5E6-61D4735928A8}.Debug|Any CPU.ActiveCfg = Debug|Any CPU
		{038FA591-5BAB-473A-B5E6-61D4735928A8}.Debug|Any CPU.Build.0 = Debug|Any CPU
		{038FA591-5BAB-473A-B5E6-61D4735928A8}.Release|Any CPU.ActiveCfg = Release|Any CPU
		{038FA591-5BAB-473A-B5E6-61D4735928A8}.Release|Any CPU.Build.0 = Release|Any CPU
		{E302E44E-64AF-4A52-AAB1-249B06DA147E}.Debug|Any CPU.ActiveCfg = Debug|Any CPU
		{E302E44E-64AF-4A52-AAB1-249B06DA147E}.Debug|Any CPU.Build.0 = Debug|Any CPU
		{E302E44E-64AF-4A52-AAB1-249B06DA147E}.Release|Any CPU.ActiveCfg = Release|Any CPU
		{E302E44E-64AF-4A52-AAB1-249B06DA147E}.Release|Any CPU.Build.0 = Release|Any CPU
		{9F9C21C6-C836-45D0-BD1A-1AC8BCB2BBEB}.Debug|Any CPU.ActiveCfg = Debug|Any CPU
		{9F9C21C6-C836-45D0-BD1A-1AC8BCB2BBEB}.Debug|Any CPU.Build.0 = Debug|Any CPU
		{9F9C21C6-C836-45D0-BD1A-1AC8BCB2BBEB}.Release|Any CPU.ActiveCfg = Release|Any CPU
		{9F9C21C6-C836-45D0-BD1A-1AC8BCB2BBEB}.Release|Any CPU.Build.0 = Release|Any CPU
	EndGlobalSection
	GlobalSection(SolutionProperties) = preSolution
		HideSolutionNode = FALSE
	EndGlobalSection
	GlobalSection(ExtensibilityGlobals) = postSolution
		SolutionGuid = {89BE2A5C-E451-4194-84A9-144806018177}
	EndGlobalSection
EndGlobal
